<?xml version="1.0" encoding="utf-8"?>
<Project ToolsVersion="4.0" xmlns="http://schemas.microsoft.com/developer/msbuild/2003">
  <ItemGroup>
    <Filter Include="リソース ファイル">
      <UniqueIdentifier>{67DA6AB6-F800-4c08-8B7A-83BB121AAD01}</UniqueIdentifier>
      <Extensions>rc;ico;cur;bmp;dlg;rc2;rct;bin;rgs;gif;jpg;jpeg;jpe;resx;tiff;tif;png;wav;mfcribbon-ms</Extensions>
    </Filter>
    <Filter Include="manager">
      <UniqueIdentifier>{a107bfe6-a82b-4bf1-983a-bda08f4c3732}</UniqueIdentifier>
    </Filter>
    <Filter Include="container">
      <UniqueIdentifier>{c2a712e1-2a58-49ca-a354-34a263de1636}</UniqueIdentifier>
    </Filter>
    <Filter Include="scene">
      <UniqueIdentifier>{8d15b499-4e60-40f8-a54e-99ac8c9421f2}</UniqueIdentifier>
    </Filter>
    <Filter Include="scene\base">
      <UniqueIdentifier>{d047da6f-6059-4fb9-9e67-1bbebdfa1b89}</UniqueIdentifier>
    </Filter>
    <Filter Include="character">
      <UniqueIdentifier>{50755cdf-067e-4945-a5b6-53b9ba040a6a}</UniqueIdentifier>
    </Filter>
  </ItemGroup>
  <ItemGroup>
    <ResourceCompile Include="resource.rc">
      <Filter>リソース ファイル</Filter>
    </ResourceCompile>
  </ItemGroup>
  <ItemGroup>
    <None Include="cpp.hint">
      <Filter>リソース ファイル</Filter>
    </None>
  </ItemGroup>
  <ItemGroup>
    <ClCompile Include="GAME.cpp">
      <Filter>manager</Filter>
    </ClCompile>
    <ClCompile Include="gmain.cpp">
      <Filter>manager</Filter>
    </ClCompile>
    <ClCompile Include="CONTAINER.cpp">
      <Filter>container</Filter>
    </ClCompile>
    <ClCompile Include="GAME_CLEAR.cpp">
      <Filter>scene</Filter>
    </ClCompile>
    <ClCompile Include="GAME_OVER.cpp">
      <Filter>scene</Filter>
    </ClCompile>
    <ClCompile Include="STAGE.cpp">
      <Filter>scene</Filter>
    </ClCompile>
    <ClCompile Include="TITLE.cpp">
      <Filter>scene</Filter>
    </ClCompile>
    <ClCompile Include="SCENE.cpp">
      <Filter>scene\base</Filter>
    </ClCompile>
    <ClCompile Include="GAME_OBJECT.cpp" />
    <ClCompile Include="TILES.cpp">
      <Filter>character</Filter>
    </ClCompile>
    <ClCompile Include="PLAYER1.cpp">
      <Filter>character</Filter>
    </ClCompile>
    <ClCompile Include="PLAYER2.cpp">
      <Filter>character</Filter>
    </ClCompile>
    <ClCompile Include="WALLS.cpp">
      <Filter>character</Filter>
    </ClCompile>
    <ClCompile Include="TURN_MANAGER.cpp" />
  </ItemGroup>
  <ItemGroup>
    <ClInclude Include="GAME.h">
      <Filter>manager</Filter>
    </ClInclude>
    <ClInclude Include="CONTAINER.h">
      <Filter>container</Filter>
    </ClInclude>
    <ClInclude Include="GAME_CLEAR.h">
      <Filter>scene</Filter>
    </ClInclude>
    <ClInclude Include="GAME_OVER.h">
      <Filter>scene</Filter>
    </ClInclude>
    <ClInclude Include="STAGE.h">
      <Filter>scene</Filter>
    </ClInclude>
    <ClInclude Include="TITLE.h">
      <Filter>scene</Filter>
    </ClInclude>
    <ClInclude Include="SCENE.h">
      <Filter>scene\base</Filter>
    </ClInclude>
    <ClInclude Include="GAME_OBJECT.h" />
    <ClInclude Include="TILES.h">
      <Filter>character</Filter>
    </ClInclude>
    <ClInclude Include="PLAYER1.h">
      <Filter>character</Filter>
    </ClInclude>
    <ClInclude Include="PLAYER2.h">
      <Filter>character</Filter>
    </ClInclude>
    <ClInclude Include="WALLS.h">
      <Filter>character</Filter>
    </ClInclude>
    <ClInclude Include="TURN_MANAGER.h" />
  </ItemGroup>
</Project>